{
  "name": "compose",
  "version": "1.0.0",
  "lockfileVersion": 2,
  "requires": true,
  "packages": {
    "": {
      "name": "compose",
      "version": "1.0.0",
      "license": "ISC",
      "dependencies": {
        "antlr4": "^4.9.3",
        "antlr4ts": "^0.5.0-alpha.4"
      }
    },
    "node_modules/antlr4": {
      "version": "4.9.3",
      "resolved": "https://registry.npmjs.org/antlr4/-/antlr4-4.9.3.tgz",
      "integrity": "sha512-qNy2odgsa0skmNMCuxzXhM4M8J1YDaPv3TI+vCdnOAanu0N982wBrSqziDKRDctEZLZy9VffqIZXc0UGjjSP/g==",
      "engines": {
        "node": ">=14"
      }
    },
    "node_modules/antlr4ts": {
      "version": "0.5.0-alpha.4",
      "resolved": "https://registry.npmjs.org/antlr4ts/-/antlr4ts-0.5.0-alpha.4.tgz",
      "integrity": "sha512-WPQDt1B74OfPv/IMS2ekXAKkTZIHl88uMetg6q3OTqgFxZ/dxDXI0EWLyZid/1Pe6hTftyg5N7gel5wNAGxXyQ=="
    }
  },
  "dependencies": {
    "antlr4": {
      "version": "4.9.3",
      "resolved": "https://registry.npmjs.org/antlr4/-/antlr4-4.9.3.tgz",
      "integrity": "sha512-qNy2odgsa0skmNMCuxzXhM4M8J1YDaPv3TI+vCdnOAanu0N982wBrSqziDKRDctEZLZy9VffqIZXc0UGjjSP/g=="
    },
    "antlr4ts": {
      "version": "0.5.0-alpha.4",
      "resolved": "https://registry.npmjs.org/antlr4ts/-/antlr4ts-0.5.0-alpha.4.tgz",
      "integrity": "sha512-WPQDt1B74OfPv/IMS2ekXAKkTZIHl88uMetg6q3OTqgFxZ/dxDXI0EWLyZid/1Pe6hTftyg5N7gel5wNAGxXyQ=="
    }
  }
}
